
Microsoft Visual Studio Solution File, Format Version 12.00
# Visual Studio Version 17
VisualStudioVersion = 17.6.33815.320
MinimumVisualStudioVersion = 10.0.40219.1
Project("{9A19103F-16F7-4668-BE54-9A1E7A4F7556}") = "Flashcards-spa", "Flashcards-spa\Flashcards-spa.csproj", "{57186253-CB95-40E4-BDA0-5CC670C78A23}"
EndProject
Project("{9A19103F-16F7-4668-BE54-9A1E7A4F7556}") = "XunitTestProjectFlashcards-spa", "XunitTestProjectFlashcards-spa\XunitTestProjectFlashcards-spa.csproj", "{D04457D3-2E6D-4C5B-A62F-933E620034F0}"
EndProject
Global
	GlobalSection(SolutionConfigurationPlatforms) = preSolution
		Debug|Any CPU = Debug|Any CPU
		Release|Any CPU = Release|Any CPU
	EndGlobalSection
	GlobalSection(ProjectConfigurationPlatforms) = postSolution
		{57186253-CB95-40E4-BDA0-5CC670C78A23}.Debug|Any CPU.ActiveCfg = Debug|Any CPU
		{57186253-CB95-40E4-BDA0-5CC670C78A23}.Debug|Any CPU.Build.0 = Debug|Any CPU
		{57186253-CB95-40E4-BDA0-5CC670C78A23}.Release|Any CPU.ActiveCfg = Release|Any CPU
		{57186253-CB95-40E4-BDA0-5CC670C78A23}.Release|Any CPU.Build.0 = Release|Any CPU
		{D04457D3-2E6D-4C5B-A62F-933E620034F0}.Debug|Any CPU.ActiveCfg = Debug|Any CPU
		{D04457D3-2E6D-4C5B-A62F-933E620034F0}.Debug|Any CPU.Build.0 = Debug|Any CPU
		{D04457D3-2E6D-4C5B-A62F-933E620034F0}.Release|Any CPU.ActiveCfg = Release|Any CPU
		{D04457D3-2E6D-4C5B-A62F-933E620034F0}.Release|Any CPU.Build.0 = Release|Any CPU
	EndGlobalSection
	GlobalSection(SolutionProperties) = preSolution
		HideSolutionNode = FALSE
	EndGlobalSection
	GlobalSection(ExtensibilityGlobals) = postSolution
		SolutionGuid = {84BB3DC6-BD05-4D64-AF63-4426A62D669E}
	EndGlobalSection
EndGlobal
